
Microsoft Visual Studio Solution File, Format Version 12.00
# Visual Studio 15
VisualStudioVersion = 15.0.28307.1062
MinimumVisualStudioVersion = 10.0.40219.1
Project("{8BC9CEB8-8B4A-11D0-8D11-00A0C91BC942}") = "Esercitazione 05 01 es 2", "Esercitazione 05 01 es 2.vcxproj", "{5EE087BE-43EA-4395-A131-8AF12989A083}"
EndProject
Global
	GlobalSection(SolutionConfigurationPlatforms) = preSolution
		Debug|x64 = Debug|x64
		Debug|x86 = Debug|x86
		Release|x64 = Release|x64
		Release|x86 = Release|x86
	EndGlobalSection
	GlobalSection(ProjectConfigurationPlatforms) = postSolution
		{5EE087BE-43EA-4395-A131-8AF12989A083}.Debug|x64.ActiveCfg = Debug|x64
		{5EE087BE-43EA-4395-A131-8AF12989A083}.Debug|x64.Build.0 = Debug|x64
		{5EE087BE-43EA-4395-A131-8AF12989A083}.Debug|x86.ActiveCfg = Debug|Win32
		{5EE087BE-43EA-4395-A131-8AF12989A083}.Debug|x86.Build.0 = Debug|Win32
		{5EE087BE-43EA-4395-A131-8AF12989A083}.Release|x64.ActiveCfg = Release|x64
		{5EE087BE-43EA-4395-A131-8AF12989A083}.Release|x64.Build.0 = Release|x64
		{5EE087BE-43EA-4395-A131-8AF12989A083}.Release|x86.ActiveCfg = Release|Win32
		{5EE087BE-43EA-4395-A131-8AF12989A083}.Release|x86.Build.0 = Release|Win32
	EndGlobalSection
	GlobalSection(SolutionProperties) = preSolution
		HideSolutionNode = FALSE
	EndGlobalSection
	GlobalSection(ExtensibilityGlobals) = postSolution
		SolutionGuid = {CBFFCC5F-1BDD-4EF3-A92A-8B454CCDE9BD}
	EndGlobalSection
EndGlobal
